
Microsoft Visual Studio Solution File, Format Version 12.00
# Visual Studio Version 17
VisualStudioVersion = 17.14.36203.30 d17.14
MinimumVisualStudioVersion = 10.0.40219.1
Project("{FAE04EC0-301F-11D3-BF4B-00C04F79EFBC}") = "PhamDucHungWPF", "PhamDucHungWPF\PhamDucHungWPF.csproj", "{71965A66-B3EB-4A96-8DE5-C2B1D44E6C24}"
EndProject
Project("{FAE04EC0-301F-11D3-BF4B-00C04F79EFBC}") = "DAL", "DAL\DAL.csproj", "{DD32E02C-F826-4A48-917D-712324E459C3}"
EndProject
Project("{FAE04EC0-301F-11D3-BF4B-00C04F79EFBC}") = "BAL", "BAL\BAL.csproj", "{82AAD49A-F72A-4CB1-8413-119026505334}"
EndProject
Global
	GlobalSection(SolutionConfigurationPlatforms) = preSolution
		Debug|Any CPU = Debug|Any CPU
		Release|Any CPU = Release|Any CPU
	EndGlobalSection
	GlobalSection(ProjectConfigurationPlatforms) = postSolution
		{71965A66-B3EB-4A96-8DE5-C2B1D44E6C24}.Debug|Any CPU.ActiveCfg = Debug|Any CPU
		{71965A66-B3EB-4A96-8DE5-C2B1D44E6C24}.Debug|Any CPU.Build.0 = Debug|Any CPU
		{71965A66-B3EB-4A96-8DE5-C2B1D44E6C24}.Release|Any CPU.ActiveCfg = Release|Any CPU
		{71965A66-B3EB-4A96-8DE5-C2B1D44E6C24}.Release|Any CPU.Build.0 = Release|Any CPU
		{DD32E02C-F826-4A48-917D-712324E459C3}.Debug|Any CPU.ActiveCfg = Debug|Any CPU
		{DD32E02C-F826-4A48-917D-712324E459C3}.Debug|Any CPU.Build.0 = Debug|Any CPU
		{DD32E02C-F826-4A48-917D-712324E459C3}.Release|Any CPU.ActiveCfg = Release|Any CPU
		{DD32E02C-F826-4A48-917D-712324E459C3}.Release|Any CPU.Build.0 = Release|Any CPU
		{82AAD49A-F72A-4CB1-8413-119026505334}.Debug|Any CPU.ActiveCfg = Debug|Any CPU
		{82AAD49A-F72A-4CB1-8413-119026505334}.Debug|Any CPU.Build.0 = Debug|Any CPU
		{82AAD49A-F72A-4CB1-8413-119026505334}.Release|Any CPU.ActiveCfg = Release|Any CPU
		{82AAD49A-F72A-4CB1-8413-119026505334}.Release|Any CPU.Build.0 = Release|Any CPU
	EndGlobalSection
	GlobalSection(SolutionProperties) = preSolution
		HideSolutionNode = FALSE
	EndGlobalSection
	GlobalSection(ExtensibilityGlobals) = postSolution
		SolutionGuid = {C1767E06-05B2-449E-AD22-1073BD458931}
	EndGlobalSection
EndGlobal
